
Microsoft Visual Studio Solution File, Format Version 12.00
# Visual Studio Version 16
VisualStudioVersion = 16.0.31005.135
MinimumVisualStudioVersion = 10.0.40219.1
Project("{FAE04EC0-301F-11D3-BF4B-00C04F79EFBC}") = "Geometry", "Geometry\Geometry.csproj", "{6E4454C9-271A-412E-BD57-8B82156B92A8}"
EndProject
Global
	GlobalSection(SolutionConfigurationPlatforms) = preSolution
		Debug|Any CPU = Debug|Any CPU
		Release|Any CPU = Release|Any CPU
	EndGlobalSection
	GlobalSection(ProjectConfigurationPlatforms) = postSolution
		{6E4454C9-271A-412E-BD57-8B82156B92A8}.Debug|Any CPU.ActiveCfg = Debug|Any CPU
		{6E4454C9-271A-412E-BD57-8B82156B92A8}.Debug|Any CPU.Build.0 = Debug|Any CPU
		{6E4454C9-271A-412E-BD57-8B82156B92A8}.Release|Any CPU.ActiveCfg = Release|Any CPU
		{6E4454C9-271A-412E-BD57-8B82156B92A8}.Release|Any CPU.Build.0 = Release|Any CPU
	EndGlobalSection
	GlobalSection(SolutionProperties) = preSolution
		HideSolutionNode = FALSE
	EndGlobalSection
	GlobalSection(ExtensibilityGlobals) = postSolution
		SolutionGuid = {CF7FA7A6-F38A-47C2-BAD6-33E1B4CB45F8}
	EndGlobalSection
EndGlobal
